
Microsoft Visual Studio Solution File, Format Version 12.00
# Visual Studio 15
VisualStudioVersion = 15.0.27703.2042
MinimumVisualStudioVersion = 10.0.40219.1
Project("{9A19103F-16F7-4668-BE54-9A1E7A4F7556}") = "ContentWrapperExample.Core", "ContentWrapperExample.Core\ContentWrapperExample.Core.csproj", "{ACB7BAD1-D9F0-446C-8FEE-06EE3A5F5D92}"
EndProject
Project("{2150E333-8FDC-42A3-9474-1A3956D46DE8}") = "Helpers", "Helpers", "{FFF92C5F-77A7-453B-9C00-2669CA2479CA}"
EndProject
Project("{9A19103F-16F7-4668-BE54-9A1E7A4F7556}") = "Api.ResultWrapper.AspNetCore", "..\Helpers\Api.Helper.ContentWrapper.Core\Api.ResultWrapper.AspNetCore.csproj", "{50BF2F53-E249-4F3D-A281-591C48082076}"
EndProject
Global
	GlobalSection(SolutionConfigurationPlatforms) = preSolution
		Debug|Any CPU = Debug|Any CPU
		Release|Any CPU = Release|Any CPU
	EndGlobalSection
	GlobalSection(ProjectConfigurationPlatforms) = postSolution
		{ACB7BAD1-D9F0-446C-8FEE-06EE3A5F5D92}.Debug|Any CPU.ActiveCfg = Debug|Any CPU
		{ACB7BAD1-D9F0-446C-8FEE-06EE3A5F5D92}.Debug|Any CPU.Build.0 = Debug|Any CPU
		{ACB7BAD1-D9F0-446C-8FEE-06EE3A5F5D92}.Release|Any CPU.ActiveCfg = Release|Any CPU
		{ACB7BAD1-D9F0-446C-8FEE-06EE3A5F5D92}.Release|Any CPU.Build.0 = Release|Any CPU
		{50BF2F53-E249-4F3D-A281-591C48082076}.Debug|Any CPU.ActiveCfg = Debug|Any CPU
		{50BF2F53-E249-4F3D-A281-591C48082076}.Debug|Any CPU.Build.0 = Debug|Any CPU
		{50BF2F53-E249-4F3D-A281-591C48082076}.Release|Any CPU.ActiveCfg = Release|Any CPU
		{50BF2F53-E249-4F3D-A281-591C48082076}.Release|Any CPU.Build.0 = Release|Any CPU
	EndGlobalSection
	GlobalSection(SolutionProperties) = preSolution
		HideSolutionNode = FALSE
	EndGlobalSection
	GlobalSection(NestedProjects) = preSolution
		{50BF2F53-E249-4F3D-A281-591C48082076} = {FFF92C5F-77A7-453B-9C00-2669CA2479CA}
	EndGlobalSection
	GlobalSection(ExtensibilityGlobals) = postSolution
		SolutionGuid = {1747AB09-5C75-41C3-AE34-25EEC2DF7973}
	EndGlobalSection
EndGlobal
